// !$*UTF8*$!
{
	archiveVersion = 1;
	classes = {
	};
	objectVersion = 51;
	objects = {

/* Begin PBXBuildFile section */
		0DD4F19011A2597237248192 /* Pods_Way2Earth_MVP.framework in Frameworks */ = {isa = PBXBuildFile; fileRef = D485DC39830BFE37C86F22D9 /* Pods_Way2Earth_MVP.framework */; };
		1B08B23825F15DF30099327C /* Constants.swift in Sources */ = {isa = PBXBuildFile; fileRef = 1B08B23725F15DF30099327C /* Constants.swift */; };
		1B08B23B25F160160099327C /* User.swift in Sources */ = {isa = PBXBuildFile; fileRef = 1B08B23A25F160160099327C /* User.swift */; };
		1B08B23E25F163E00099327C /* ProfileHeaderViewModel.swift in Sources */ = {isa = PBXBuildFile; fileRef = 1B08B23D25F163E00099327C /* ProfileHeaderViewModel.swift */; };
		1B0B1FFC25FAAD2D0041B9FD /* Post.swift in Sources */ = {isa = PBXBuildFile; fileRef = 1B0B1FFB25FAAD2D0041B9FD /* Post.swift */; };
		1B0B1FFF25FAB11D0041B9FD /* PostViewModel.swift in Sources */ = {isa = PBXBuildFile; fileRef = 1B0B1FFE25FAB11D0041B9FD /* PostViewModel.swift */; };
		1B197ADC25F94E79001D124E /* InputTextView.swift in Sources */ = {isa = PBXBuildFile; fileRef = 1B197ADB25F94E79001D124E /* InputTextView.swift */; };
		1B197ADF25F98566001D124E /* PostService.swift in Sources */ = {isa = PBXBuildFile; fileRef = 1B197ADE25F98566001D124E /* PostService.swift */; };
		1B1EEE4E25E74437006694D9 /* GoogleService-Info.plist in Resources */ = {isa = PBXBuildFile; fileRef = 1B1EEE4D25E74437006694D9 /* GoogleService-Info.plist */; };
		1B1EEE5225E745D9006694D9 /* ImageUploader.swift in Sources */ = {isa = PBXBuildFile; fileRef = 1B1EEE5125E745D9006694D9 /* ImageUploader.swift */; };
		1B1EEE5525E745E3006694D9 /* AuthService.swift in Sources */ = {isa = PBXBuildFile; fileRef = 1B1EEE5425E745E3006694D9 /* AuthService.swift */; };
		1B2292FD25F2C6E80047EC38 /* SearchResultsViewController.swift in Sources */ = {isa = PBXBuildFile; fileRef = 1B2292FC25F2C6E80047EC38 /* SearchResultsViewController.swift */; };
		1B22930225F2CDCE0047EC38 /* SearchCollectionViewCell.swift in Sources */ = {isa = PBXBuildFile; fileRef = 1B22930125F2CDCE0047EC38 /* SearchCollectionViewCell.swift */; };
		1B2A42A826052BC30058F39D /* CommentService.swift in Sources */ = {isa = PBXBuildFile; fileRef = 1B2A42A726052BC30058F39D /* CommentService.swift */; };
		1B2A9B2C25E84DA400FF61F8 /* ProfileCell.swift in Sources */ = {isa = PBXBuildFile; fileRef = 1B2A9B2B25E84DA400FF61F8 /* ProfileCell.swift */; };
		1B2A9B2F25E84DAE00FF61F8 /* ProfileHeader.swift in Sources */ = {isa = PBXBuildFile; fileRef = 1B2A9B2E25E84DAE00FF61F8 /* ProfileHeader.swift */; };
		1B4C80B225F6A1F900C50712 /* SearchResultsCell.swift in Sources */ = {isa = PBXBuildFile; fileRef = 1B4C80B125F6A1F900C50712 /* SearchResultsCell.swift */; };
		1B4C80B625F6AF6600C50712 /* SearchResutlsCellViewModel.swift in Sources */ = {isa = PBXBuildFile; fileRef = 1B4C80B525F6AF6600C50712 /* SearchResutlsCellViewModel.swift */; };
		1B56FD1E25F07C6100E8A9DE /* UserService.swift in Sources */ = {isa = PBXBuildFile; fileRef = 1B56FD1D25F07C6100E8A9DE /* UserService.swift */; };
		1B56FD2125F07CC400E8A9DE /* EditProfileController.swift in Sources */ = {isa = PBXBuildFile; fileRef = 1B56FD2025F07CC400E8A9DE /* EditProfileController.swift */; };
		1B596AFC25F0143D002B855A /* profileLayoutAttributes.swift in Sources */ = {isa = PBXBuildFile; fileRef = 1B596AFB25F0143D002B855A /* profileLayoutAttributes.swift */; };
		1B5F5B8925D0896D004940A4 /* AppDelegate.swift in Sources */ = {isa = PBXBuildFile; fileRef = 1B5F5B8825D0896D004940A4 /* AppDelegate.swift */; };
		1B5F5B8B25D0896D004940A4 /* SceneDelegate.swift in Sources */ = {isa = PBXBuildFile; fileRef = 1B5F5B8A25D0896D004940A4 /* SceneDelegate.swift */; };
		1B5F5B9225D0896D004940A4 /* Assets.xcassets in Resources */ = {isa = PBXBuildFile; fileRef = 1B5F5B9125D0896D004940A4 /* Assets.xcassets */; };
		1B5F5B9525D0896D004940A4 /* LaunchScreen.storyboard in Resources */ = {isa = PBXBuildFile; fileRef = 1B5F5B9325D0896D004940A4 /* LaunchScreen.storyboard */; };
		1B5F5BA725D08A8D004940A4 /* MainTabController.swift in Sources */ = {isa = PBXBuildFile; fileRef = 1B5F5BA625D08A8D004940A4 /* MainTabController.swift */; };
		1B5F5BAC25D08BFA004940A4 /* Main.storyboard in Resources */ = {isa = PBXBuildFile; fileRef = 1B5F5BAB25D08BFA004940A4 /* Main.storyboard */; };
		1B5F5BB025D08C7D004940A4 /* FeedController.swift in Sources */ = {isa = PBXBuildFile; fileRef = 1B5F5BAF25D08C7D004940A4 /* FeedController.swift */; };
		1B5F5BB325D08C87004940A4 /* SearchController.swift in Sources */ = {isa = PBXBuildFile; fileRef = 1B5F5BB225D08C87004940A4 /* SearchController.swift */; };
		1B5F5BB625D08C9C004940A4 /* PostCreatorController.swift in Sources */ = {isa = PBXBuildFile; fileRef = 1B5F5BB525D08C9C004940A4 /* PostCreatorController.swift */; };
		1B5F5BB925D08CA8004940A4 /* NotificationsController.swift in Sources */ = {isa = PBXBuildFile; fileRef = 1B5F5BB825D08CA8004940A4 /* NotificationsController.swift */; };
		1B5F5BBC25D08CB2004940A4 /* ProfileController.swift in Sources */ = {isa = PBXBuildFile; fileRef = 1B5F5BBB25D08CB2004940A4 /* ProfileController.swift */; };
		1B6CC36F25E9822A00B603CF /* ProfileLayout.swift in Sources */ = {isa = PBXBuildFile; fileRef = 1B6CC36E25E9822A00B603CF /* ProfileLayout.swift */; };
		1B749AA325E6D793005C8498 /* AuthenticationViewModel.swift in Sources */ = {isa = PBXBuildFile; fileRef = 1B749AA225E6D793005C8498 /* AuthenticationViewModel.swift */; };
		1B79AEE125F34AF2000E6B57 /* CategorieModel.swift in Sources */ = {isa = PBXBuildFile; fileRef = 1B79AEE025F34AF2000E6B57 /* CategorieModel.swift */; };
		1B7D647F2618F707005150CB /* NotificationCell.swift in Sources */ = {isa = PBXBuildFile; fileRef = 1B7D647E2618F707005150CB /* NotificationCell.swift */; };
		1B952CBE25DCEAF700F7AAC2 /* Merriweather-Bold.ttf in Resources */ = {isa = PBXBuildFile; fileRef = 1B952CBD25DCEAF700F7AAC2 /* Merriweather-Bold.ttf */; };
		1B952CC125DCEB0400F7AAC2 /* OpenSans-Regular.ttf in Resources */ = {isa = PBXBuildFile; fileRef = 1B952CC025DCEB0400F7AAC2 /* OpenSans-Regular.ttf */; };
		1BC8450E2609210B00226B81 /* Comment.swift in Sources */ = {isa = PBXBuildFile; fileRef = 1BC8450D2609210B00226B81 /* Comment.swift */; };
		1BC845122609261000226B81 /* CommentViewModel.swift in Sources */ = {isa = PBXBuildFile; fileRef = 1BC845112609261000226B81 /* CommentViewModel.swift */; };
		1BC9B916260426BF00DBD78D /* CommentController.swift in Sources */ = {isa = PBXBuildFile; fileRef = 1BC9B915260426BF00DBD78D /* CommentController.swift */; };
		1BC9B91B260426F000DBD78D /* CommentCell.swift in Sources */ = {isa = PBXBuildFile; fileRef = 1BC9B91A260426F000DBD78D /* CommentCell.swift */; };
		1BC9B91F2604279B00DBD78D /* CommentInputAccesoryView.swift in Sources */ = {isa = PBXBuildFile; fileRef = 1BC9B91E2604279B00DBD78D /* CommentInputAccesoryView.swift */; };
		1BD801F925DC98AA009F6EA8 /* Extensions.swift in Sources */ = {isa = PBXBuildFile; fileRef = 1BD801F825DC98AA009F6EA8 /* Extensions.swift */; };
		1BD8021425DCAFF1009F6EA8 /* CustomLayout.swift in Sources */ = {isa = PBXBuildFile; fileRef = 1BD8021325DCAFF1009F6EA8 /* CustomLayout.swift */; };
		1BD8021725DCB007009F6EA8 /* CustomLayoutAttributes.swift in Sources */ = {isa = PBXBuildFile; fileRef = 1BD8021625DCB007009F6EA8 /* CustomLayoutAttributes.swift */; };
		1BD8021D25DCB077009F6EA8 /* LayoutItem.swift in Sources */ = {isa = PBXBuildFile; fileRef = 1BD8021C25DCB077009F6EA8 /* LayoutItem.swift */; };
		1BD8022025DCB1C3009F6EA8 /* FeedCell.swift in Sources */ = {isa = PBXBuildFile; fileRef = 1BD8021F25DCB1C3009F6EA8 /* FeedCell.swift */; };
		1BECF67126013C0800F986C0 /* PostController.swift in Sources */ = {isa = PBXBuildFile; fileRef = 1BECF67026013C0800F986C0 /* PostController.swift */; };
		1BECF6752601427C00F986C0 /* PostCell.swift in Sources */ = {isa = PBXBuildFile; fileRef = 1BECF6742601427C00F986C0 /* PostCell.swift */; };
		1BECF6792601428800F986C0 /* PostHeader.swift in Sources */ = {isa = PBXBuildFile; fileRef = 1BECF6782601428800F986C0 /* PostHeader.swift */; };
		1BECF67D2601432F00F986C0 /* PostLayout.swift in Sources */ = {isa = PBXBuildFile; fileRef = 1BECF67C2601432F00F986C0 /* PostLayout.swift */; };
		1BECF6812601433B00F986C0 /* PostLayoutAttributes.swift in Sources */ = {isa = PBXBuildFile; fileRef = 1BECF6802601433B00F986C0 /* PostLayoutAttributes.swift */; };
		1BEEE09625F82735008A7654 /* UploadPostController.swift in Sources */ = {isa = PBXBuildFile; fileRef = 1BEEE09525F82735008A7654 /* UploadPostController.swift */; };
		1BF204B325E5508B00A49867 /* Roboto-Regular.ttf in Resources */ = {isa = PBXBuildFile; fileRef = 1BF204B225E5508B00A49867 /* Roboto-Regular.ttf */; };
		1BF204B725E554E000A49867 /* LoginController.swift in Sources */ = {isa = PBXBuildFile; fileRef = 1BF204B625E554E000A49867 /* LoginController.swift */; };
		1BF204BB25E554F000A49867 /* RegistrationController.swift in Sources */ = {isa = PBXBuildFile; fileRef = 1BF204BA25E554F000A49867 /* RegistrationController.swift */; };
		1BF204BE25E5A83600A49867 /* WelcomeController.swift in Sources */ = {isa = PBXBuildFile; fileRef = 1BF204BD25E5A83600A49867 /* WelcomeController.swift */; };
		1BF204C225E5F9E900A49867 /* Roboto-Bold.ttf in Resources */ = {isa = PBXBuildFile; fileRef = 1BF204C125E5F9E900A49867 /* Roboto-Bold.ttf */; };
		1BF204C525E5FC2200A49867 /* CustomTextField.swift in Sources */ = {isa = PBXBuildFile; fileRef = 1BF204C425E5FC2200A49867 /* CustomTextField.swift */; };
/* End PBXBuildFile section */

/* Begin PBXFileReference section */
		08C99C85635BF7185ACC1535 /* Pods-Way2Earth MVP.debug.xcconfig */ = {isa = PBXFileReference; includeInIndex = 1; lastKnownFileType = text.xcconfig; name = "Pods-Way2Earth MVP.debug.xcconfig"; path = "Target Support Files/Pods-Way2Earth MVP/Pods-Way2Earth MVP.debug.xcconfig"; sourceTree = "<group>"; };
		1B08B23725F15DF30099327C /* Constants.swift */ = {isa = PBXFileReference; lastKnownFileType = sourcecode.swift; path = Constants.swift; sourceTree = "<group>"; };
		1B08B23A25F160160099327C /* User.swift */ = {isa = PBXFileReference; lastKnownFileType = sourcecode.swift; path = User.swift; sourceTree = "<group>"; };
		1B08B23D25F163E00099327C /* ProfileHeaderViewModel.swift */ = {isa = PBXFileReference; lastKnownFileType = sourcecode.swift; path = ProfileHeaderViewModel.swift; sourceTree = "<group>"; };
		1B0B1FFB25FAAD2D0041B9FD /* Post.swift */ = {isa = PBXFileReference; lastKnownFileType = sourcecode.swift; path = Post.swift; sourceTree = "<group>"; };
		1B0B1FFE25FAB11D0041B9FD /* PostViewModel.swift */ = {isa = PBXFileReference; lastKnownFileType = sourcecode.swift; path = PostViewModel.swift; sourceTree = "<group>"; };
		1B197ADB25F94E79001D124E /* InputTextView.swift */ = {isa = PBXFileReference; lastKnownFileType = sourcecode.swift; path = InputTextView.swift; sourceTree = "<group>"; };
		1B197ADE25F98566001D124E /* PostService.swift */ = {isa = PBXFileReference; lastKnownFileType = sourcecode.swift; path = PostService.swift; sourceTree = "<group>"; };
		1B1EEE4D25E74437006694D9 /* GoogleService-Info.plist */ = {isa = PBXFileReference; fileEncoding = 4; lastKnownFileType = text.plist.xml; path = "GoogleService-Info.plist"; sourceTree = "<group>"; };
		1B1EEE5125E745D9006694D9 /* ImageUploader.swift */ = {isa = PBXFileReference; lastKnownFileType = sourcecode.swift; path = ImageUploader.swift; sourceTree = "<group>"; };
		1B1EEE5425E745E3006694D9 /* AuthService.swift */ = {isa = PBXFileReference; lastKnownFileType = sourcecode.swift; path = AuthService.swift; sourceTree = "<group>"; };
		1B2292FC25F2C6E80047EC38 /* SearchResultsViewController.swift */ = {isa = PBXFileReference; lastKnownFileType = sourcecode.swift; path = SearchResultsViewController.swift; sourceTree = "<group>"; };
		1B22930125F2CDCE0047EC38 /* SearchCollectionViewCell.swift */ = {isa = PBXFileReference; lastKnownFileType = sourcecode.swift; path = SearchCollectionViewCell.swift; sourceTree = "<group>"; };
		1B2A42A726052BC30058F39D /* CommentService.swift */ = {isa = PBXFileReference; lastKnownFileType = sourcecode.swift; path = CommentService.swift; sourceTree = "<group>"; };
		1B2A9B2B25E84DA400FF61F8 /* ProfileCell.swift */ = {isa = PBXFileReference; lastKnownFileType = sourcecode.swift; path = ProfileCell.swift; sourceTree = "<group>"; };
		1B2A9B2E25E84DAE00FF61F8 /* ProfileHeader.swift */ = {isa = PBXFileReference; lastKnownFileType = sourcecode.swift; path = ProfileHeader.swift; sourceTree = "<group>"; };
		1B4C80B125F6A1F900C50712 /* SearchResultsCell.swift */ = {isa = PBXFileReference; lastKnownFileType = sourcecode.swift; path = SearchResultsCell.swift; sourceTree = "<group>"; };
		1B4C80B525F6AF6600C50712 /* SearchResutlsCellViewModel.swift */ = {isa = PBXFileReference; lastKnownFileType = sourcecode.swift; path = SearchResutlsCellViewModel.swift; sourceTree = "<group>"; };
		1B56FD1D25F07C6100E8A9DE /* UserService.swift */ = {isa = PBXFileReference; lastKnownFileType = sourcecode.swift; path = UserService.swift; sourceTree = "<group>"; };
		1B56FD2025F07CC400E8A9DE /* EditProfileController.swift */ = {isa = PBXFileReference; lastKnownFileType = sourcecode.swift; path = EditProfileController.swift; sourceTree = "<group>"; };
		1B596AFB25F0143D002B855A /* profileLayoutAttributes.swift */ = {isa = PBXFileReference; lastKnownFileType = sourcecode.swift; path = profileLayoutAttributes.swift; sourceTree = "<group>"; };
		1B5F5B8525D0896D004940A4 /* Way2Earth MVP.app */ = {isa = PBXFileReference; explicitFileType = wrapper.application; includeInIndex = 0; path = "Way2Earth MVP.app"; sourceTree = BUILT_PRODUCTS_DIR; };
		1B5F5B8825D0896D004940A4 /* AppDelegate.swift */ = {isa = PBXFileReference; lastKnownFileType = sourcecode.swift; path = AppDelegate.swift; sourceTree = "<group>"; };
		1B5F5B8A25D0896D004940A4 /* SceneDelegate.swift */ = {isa = PBXFileReference; lastKnownFileType = sourcecode.swift; path = SceneDelegate.swift; sourceTree = "<group>"; };
		1B5F5B9125D0896D004940A4 /* Assets.xcassets */ = {isa = PBXFileReference; lastKnownFileType = folder.assetcatalog; path = Assets.xcassets; sourceTree = "<group>"; };
		1B5F5B9425D0896D004940A4 /* Base */ = {isa = PBXFileReference; lastKnownFileType = file.storyboard; name = Base; path = Base.lproj/LaunchScreen.storyboard; sourceTree = "<group>"; };
		1B5F5B9625D0896D004940A4 /* Info.plist */ = {isa = PBXFileReference; lastKnownFileType = text.plist.xml; path = Info.plist; sourceTree = "<group>"; };
		1B5F5BA625D08A8D004940A4 /* MainTabController.swift */ = {isa = PBXFileReference; lastKnownFileType = sourcecode.swift; path = MainTabController.swift; sourceTree = "<group>"; };
		1B5F5BAB25D08BFA004940A4 /* Main.storyboard */ = {isa = PBXFileReference; fileEncoding = 4; lastKnownFileType = file.storyboard; path = Main.storyboard; sourceTree = "<group>"; };
		1B5F5BAF25D08C7D004940A4 /* FeedController.swift */ = {isa = PBXFileReference; lastKnownFileType = sourcecode.swift; path = FeedController.swift; sourceTree = "<group>"; };
		1B5F5BB225D08C87004940A4 /* SearchController.swift */ = {isa = PBXFileReference; lastKnownFileType = sourcecode.swift; path = SearchController.swift; sourceTree = "<group>"; };
		1B5F5BB525D08C9C004940A4 /* PostCreatorController.swift */ = {isa = PBXFileReference; lastKnownFileType = sourcecode.swift; path = PostCreatorController.swift; sourceTree = "<group>"; };
		1B5F5BB825D08CA8004940A4 /* NotificationsController.swift */ = {isa = PBXFileReference; lastKnownFileType = sourcecode.swift; path = NotificationsController.swift; sourceTree = "<group>"; };
		1B5F5BBB25D08CB2004940A4 /* ProfileController.swift */ = {isa = PBXFileReference; lastKnownFileType = sourcecode.swift; path = ProfileController.swift; sourceTree = "<group>"; };
		1B6CC36E25E9822A00B603CF /* ProfileLayout.swift */ = {isa = PBXFileReference; fileEncoding = 4; lastKnownFileType = sourcecode.swift; path = ProfileLayout.swift; sourceTree = "<group>"; };
		1B749AA225E6D793005C8498 /* AuthenticationViewModel.swift */ = {isa = PBXFileReference; lastKnownFileType = sourcecode.swift; path = AuthenticationViewModel.swift; sourceTree = "<group>"; };
		1B79AEE025F34AF2000E6B57 /* CategorieModel.swift */ = {isa = PBXFileReference; lastKnownFileType = sourcecode.swift; path = CategorieModel.swift; sourceTree = "<group>"; };
		1B7D647E2618F707005150CB /* NotificationCell.swift */ = {isa = PBXFileReference; lastKnownFileType = sourcecode.swift; path = NotificationCell.swift; sourceTree = "<group>"; };
		1B952CBD25DCEAF700F7AAC2 /* Merriweather-Bold.ttf */ = {isa = PBXFileReference; lastKnownFileType = file; path = "Merriweather-Bold.ttf"; sourceTree = "<group>"; };
		1B952CC025DCEB0400F7AAC2 /* OpenSans-Regular.ttf */ = {isa = PBXFileReference; lastKnownFileType = file; path = "OpenSans-Regular.ttf"; sourceTree = "<group>"; };
		1BC8450D2609210B00226B81 /* Comment.swift */ = {isa = PBXFileReference; lastKnownFileType = sourcecode.swift; path = Comment.swift; sourceTree = "<group>"; };
		1BC845112609261000226B81 /* CommentViewModel.swift */ = {isa = PBXFileReference; lastKnownFileType = sourcecode.swift; path = CommentViewModel.swift; sourceTree = "<group>"; };
		1BC9B915260426BF00DBD78D /* CommentController.swift */ = {isa = PBXFileReference; lastKnownFileType = sourcecode.swift; path = CommentController.swift; sourceTree = "<group>"; };
		1BC9B91A260426F000DBD78D /* CommentCell.swift */ = {isa = PBXFileReference; lastKnownFileType = sourcecode.swift; path = CommentCell.swift; sourceTree = "<group>"; };
		1BC9B91E2604279B00DBD78D /* CommentInputAccesoryView.swift */ = {isa = PBXFileReference; lastKnownFileType = sourcecode.swift; path = CommentInputAccesoryView.swift; sourceTree = "<group>"; };
		1BD801F825DC98AA009F6EA8 /* Extensions.swift */ = {isa = PBXFileReference; fileEncoding = 4; lastKnownFileType = sourcecode.swift; path = Extensions.swift; sourceTree = "<group>"; };
		1BD8021325DCAFF1009F6EA8 /* CustomLayout.swift */ = {isa = PBXFileReference; fileEncoding = 4; lastKnownFileType = sourcecode.swift; name = CustomLayout.swift; path = "../New Group/CustomLayout.swift"; sourceTree = "<group>"; };
		1BD8021625DCB007009F6EA8 /* CustomLayoutAttributes.swift */ = {isa = PBXFileReference; fileEncoding = 4; lastKnownFileType = sourcecode.swift; path = CustomLayoutAttributes.swift; sourceTree = "<group>"; };
		1BD8021C25DCB077009F6EA8 /* LayoutItem.swift */ = {isa = PBXFileReference; fileEncoding = 4; lastKnownFileType = sourcecode.swift; path = LayoutItem.swift; sourceTree = "<group>"; };
		1BD8021F25DCB1C3009F6EA8 /* FeedCell.swift */ = {isa = PBXFileReference; lastKnownFileType = sourcecode.swift; path = FeedCell.swift; sourceTree = "<group>"; };
		1BECF67026013C0800F986C0 /* PostController.swift */ = {isa = PBXFileReference; lastKnownFileType = sourcecode.swift; path = PostController.swift; sourceTree = "<group>"; };
		1BECF6742601427C00F986C0 /* PostCell.swift */ = {isa = PBXFileReference; lastKnownFileType = sourcecode.swift; path = PostCell.swift; sourceTree = "<group>"; };
		1BECF6782601428800F986C0 /* PostHeader.swift */ = {isa = PBXFileReference; lastKnownFileType = sourcecode.swift; path = PostHeader.swift; sourceTree = "<group>"; };
		1BECF67C2601432F00F986C0 /* PostLayout.swift */ = {isa = PBXFileReference; lastKnownFileType = sourcecode.swift; path = PostLayout.swift; sourceTree = "<group>"; };
		1BECF6802601433B00F986C0 /* PostLayoutAttributes.swift */ = {isa = PBXFileReference; lastKnownFileType = sourcecode.swift; path = PostLayoutAttributes.swift; sourceTree = "<group>"; };
		1BEEE09525F82735008A7654 /* UploadPostController.swift */ = {isa = PBXFileReference; lastKnownFileType = sourcecode.swift; path = UploadPostController.swift; sourceTree = "<group>"; };
		1BF204B225E5508B00A49867 /* Roboto-Regular.ttf */ = {isa = PBXFileReference; lastKnownFileType = file; path = "Roboto-Regular.ttf"; sourceTree = "<group>"; };
		1BF204B625E554E000A49867 /* LoginController.swift */ = {isa = PBXFileReference; lastKnownFileType = sourcecode.swift; path = LoginController.swift; sourceTree = "<group>"; };
		1BF204BA25E554F000A49867 /* RegistrationController.swift */ = {isa = PBXFileReference; lastKnownFileType = sourcecode.swift; path = RegistrationController.swift; sourceTree = "<group>"; };
		1BF204BD25E5A83600A49867 /* WelcomeController.swift */ = {isa = PBXFileReference; lastKnownFileType = sourcecode.swift; path = WelcomeController.swift; sourceTree = "<group>"; };
		1BF204C125E5F9E900A49867 /* Roboto-Bold.ttf */ = {isa = PBXFileReference; lastKnownFileType = file; path = "Roboto-Bold.ttf"; sourceTree = "<group>"; };
		1BF204C425E5FC2200A49867 /* CustomTextField.swift */ = {isa = PBXFileReference; lastKnownFileType = sourcecode.swift; path = CustomTextField.swift; sourceTree = "<group>"; };
		81BF6B3F6D0EDFE098C0F2AE /* Pods-Way2Earth MVP.release.xcconfig */ = {isa = PBXFileReference; includeInIndex = 1; lastKnownFileType = text.xcconfig; name = "Pods-Way2Earth MVP.release.xcconfig"; path = "Target Support Files/Pods-Way2Earth MVP/Pods-Way2Earth MVP.release.xcconfig"; sourceTree = "<group>"; };
		D485DC39830BFE37C86F22D9 /* Pods_Way2Earth_MVP.framework */ = {isa = PBXFileReference; explicitFileType = wrapper.framework; includeInIndex = 0; path = Pods_Way2Earth_MVP.framework; sourceTree = BUILT_PRODUCTS_DIR; };
/* End PBXFileReference section */

/* Begin PBXFrameworksBuildPhase section */
		1B5F5B8225D0896D004940A4 /* Frameworks */ = {
			isa = PBXFrameworksBuildPhase;
			buildActionMask = 2147483647;
			files = (
				0DD4F19011A2597237248192 /* Pods_Way2Earth_MVP.framework in Frameworks */,
			);
			runOnlyForDeploymentPostprocessing = 0;
		};
/* End PBXFrameworksBuildPhase section */

/* Begin PBXGroup section */
		1B2292FF25F2C71D0047EC38 /* Search */ = {
			isa = PBXGroup;
			children = (
				1B5F5BB225D08C87004940A4 /* SearchController.swift */,
				1B2292FC25F2C6E80047EC38 /* SearchResultsViewController.swift */,
			);
			path = Search;
			sourceTree = "<group>";
		};
		1B22930425F2D0A00047EC38 /* Search */ = {
			isa = PBXGroup;
			children = (
				1B22930125F2CDCE0047EC38 /* SearchCollectionViewCell.swift */,
				1B4C80B125F6A1F900C50712 /* SearchResultsCell.swift */,
			);
			path = Search;
			sourceTree = "<group>";
		};
		1B2A9B3125E84DB200FF61F8 /* Profile */ = {
			isa = PBXGroup;
			children = (
				1B2A9B2B25E84DA400FF61F8 /* ProfileCell.swift */,
				1B2A9B2E25E84DAE00FF61F8 /* ProfileHeader.swift */,
			);
			path = Profile;
			sourceTree = "<group>";
		};
		1B56FD2325F07CCD00E8A9DE /* Profile */ = {
			isa = PBXGroup;
			children = (
				1B5F5BBB25D08CB2004940A4 /* ProfileController.swift */,
				1B56FD2025F07CC400E8A9DE /* EditProfileController.swift */,
			);
			path = Profile;
			sourceTree = "<group>";
		};
		1B5F5B7C25D0896D004940A4 = {
			isa = PBXGroup;
			children = (
				1B5F5B8725D0896D004940A4 /* Way2Earth MVP */,
				1B5F5B8625D0896D004940A4 /* Products */,
				2C86D2DB1A22839D0CC57477 /* Pods */,
				4A282D01C8CDDF69D08D7D55 /* Frameworks */,
			);
			sourceTree = "<group>";
		};
		1B5F5B8625D0896D004940A4 /* Products */ = {
			isa = PBXGroup;
			children = (
				1B5F5B8525D0896D004940A4 /* Way2Earth MVP.app */,
			);
			name = Products;
			sourceTree = "<group>";
		};
		1B5F5B8725D0896D004940A4 /* Way2Earth MVP */ = {
			isa = PBXGroup;
			children = (
				1BEEE07325F7F522008A7654 /* Cycle */,
				1B5F5BA425D08A0D004940A4 /* Model  */,
				1B5F5BA325D08A0B004940A4 /* View */,
				1B5F5BA225D08A09004940A4 /* ViewModel */,
				1B5F5BA125D08A07004940A4 /* Controller */,
				1B5F5BA025D08A05004940A4 /* API */,
				1BD8021225DCAFE4009F6EA8 /* Layouts */,
				1B5F5B9D25D089F6004940A4 /* Resources  */,
				1B5F5B9125D0896D004940A4 /* Assets.xcassets */,
				1B5F5B9325D0896D004940A4 /* LaunchScreen.storyboard */,
				1B5F5BAB25D08BFA004940A4 /* Main.storyboard */,
				1B5F5B9625D0896D004940A4 /* Info.plist */,
				1B1EEE4D25E74437006694D9 /* GoogleService-Info.plist */,
			);
			path = "Way2Earth MVP";
			sourceTree = "<group>";
		};
		1B5F5B9D25D089F6004940A4 /* Resources  */ = {
			isa = PBXGroup;
			children = (
				1B952CBC25DCEAE300F7AAC2 /* Fonts  */,
				1BD801F825DC98AA009F6EA8 /* Extensions.swift */,
				1B08B23725F15DF30099327C /* Constants.swift */,
				1B197ADB25F94E79001D124E /* InputTextView.swift */,
			);
			path = "Resources ";
			sourceTree = "<group>";
		};
		1B5F5BA025D08A05004940A4 /* API */ = {
			isa = PBXGroup;
			children = (
				1B1EEE5125E745D9006694D9 /* ImageUploader.swift */,
				1B1EEE5425E745E3006694D9 /* AuthService.swift */,
				1B56FD1D25F07C6100E8A9DE /* UserService.swift */,
				1B197ADE25F98566001D124E /* PostService.swift */,
				1B2A42A726052BC30058F39D /* CommentService.swift */,
			);
			path = API;
			sourceTree = "<group>";
		};
		1B5F5BA125D08A07004940A4 /* Controller */ = {
			isa = PBXGroup;
			children = (
				1B5F5BA625D08A8D004940A4 /* MainTabController.swift */,
				1BF204B525E554CE00A49867 /* Authentication  */,
				1BC9B921260427D700DBD78D /* Feed */,
				1BEEE09825F82742008A7654 /* Post */,
				1BC9B914260426AE00DBD78D /* Comment */,
				1B2292FF25F2C71D0047EC38 /* Search */,
				1BC9B922260427E900DBD78D /* Notifications */,
				1B56FD2325F07CCD00E8A9DE /* Profile */,
			);
			path = Controller;
			sourceTree = "<group>";
		};
		1B5F5BA225D08A09004940A4 /* ViewModel */ = {
			isa = PBXGroup;
			children = (
				1B749AA225E6D793005C8498 /* AuthenticationViewModel.swift */,
				1B08B23D25F163E00099327C /* ProfileHeaderViewModel.swift */,
				1B4C80B525F6AF6600C50712 /* SearchResutlsCellViewModel.swift */,
				1B0B1FFE25FAB11D0041B9FD /* PostViewModel.swift */,
				1BC845112609261000226B81 /* CommentViewModel.swift */,
			);
			path = ViewModel;
			sourceTree = "<group>";
		};
		1B5F5BA325D08A0B004940A4 /* View */ = {
			isa = PBXGroup;
			children = (
				1B7D647D2618F6F2005150CB /* Notifications */,
				1BF9523C25EDB5F30028F319 /* Feed */,
				1B22930425F2D0A00047EC38 /* Search */,
				1BECF6732601425800F986C0 /* Post */,
				1BC9B919260426E100DBD78D /* Comment */,
				1B2A9B3125E84DB200FF61F8 /* Profile */,
				1BF9523D25EDB6060028F319 /* Utils */,
			);
			path = View;
			sourceTree = "<group>";
		};
		1B5F5BA425D08A0D004940A4 /* Model  */ = {
			isa = PBXGroup;
			children = (
				1B79AEDF25F34AE1000E6B57 /* Search */,
				1B08B23A25F160160099327C /* User.swift */,
				1B0B1FFB25FAAD2D0041B9FD /* Post.swift */,
				1BC8450D2609210B00226B81 /* Comment.swift */,
			);
			path = "Model ";
			sourceTree = "<group>";
		};
		1B6CC36A25E9820D00B603CF /* Profile */ = {
			isa = PBXGroup;
			children = (
				1B6CC36E25E9822A00B603CF /* ProfileLayout.swift */,
				1B596AFB25F0143D002B855A /* profileLayoutAttributes.swift */,
			);
			path = Profile;
			sourceTree = "<group>";
		};
		1B6CC36B25E9821300B603CF /* NewsFeed */ = {
			isa = PBXGroup;
			children = (
				1BD8021325DCAFF1009F6EA8 /* CustomLayout.swift */,
				1BD8021625DCB007009F6EA8 /* CustomLayoutAttributes.swift */,
			);
			path = NewsFeed;
			sourceTree = "<group>";
		};
		1B79AEDF25F34AE1000E6B57 /* Search */ = {
			isa = PBXGroup;
			children = (
				1B79AEE025F34AF2000E6B57 /* CategorieModel.swift */,
			);
			path = Search;
			sourceTree = "<group>";
		};
		1B7D647D2618F6F2005150CB /* Notifications */ = {
			isa = PBXGroup;
			children = (
				1B7D647E2618F707005150CB /* NotificationCell.swift */,
			);
			path = Notifications;
			sourceTree = "<group>";
		};
		1B952CBC25DCEAE300F7AAC2 /* Fonts  */ = {
			isa = PBXGroup;
			children = (
				1B952CBD25DCEAF700F7AAC2 /* Merriweather-Bold.ttf */,
				1B952CC025DCEB0400F7AAC2 /* OpenSans-Regular.ttf */,
				1BF204B225E5508B00A49867 /* Roboto-Regular.ttf */,
				1BF204C125E5F9E900A49867 /* Roboto-Bold.ttf */,
			);
			path = "Fonts ";
			sourceTree = "<group>";
		};
		1BC9B914260426AE00DBD78D /* Comment */ = {
			isa = PBXGroup;
			children = (
				1BC9B915260426BF00DBD78D /* CommentController.swift */,
			);
			path = Comment;
			sourceTree = "<group>";
		};
		1BC9B919260426E100DBD78D /* Comment */ = {
			isa = PBXGroup;
			children = (
				1BC9B91A260426F000DBD78D /* CommentCell.swift */,
				1BC9B91E2604279B00DBD78D /* CommentInputAccesoryView.swift */,
			);
			path = Comment;
			sourceTree = "<group>";
		};
		1BC9B921260427D700DBD78D /* Feed */ = {
			isa = PBXGroup;
			children = (
				1B5F5BAF25D08C7D004940A4 /* FeedController.swift */,
			);
			path = Feed;
			sourceTree = "<group>";
		};
		1BC9B922260427E900DBD78D /* Notifications */ = {
			isa = PBXGroup;
			children = (
				1B5F5BB825D08CA8004940A4 /* NotificationsController.swift */,
			);
			path = Notifications;
			sourceTree = "<group>";
		};
		1BD8021225DCAFE4009F6EA8 /* Layouts */ = {
			isa = PBXGroup;
			children = (
				1BECF67B2601431F00F986C0 /* Post */,
				1B6CC36B25E9821300B603CF /* NewsFeed */,
				1B6CC36A25E9820D00B603CF /* Profile */,
				1BD8021B25DCB06F009F6EA8 /* Model */,
			);
			path = Layouts;
			sourceTree = "<group>";
		};
		1BD8021B25DCB06F009F6EA8 /* Model */ = {
			isa = PBXGroup;
			children = (
				1BD8021C25DCB077009F6EA8 /* LayoutItem.swift */,
			);
			path = Model;
			sourceTree = "<group>";
		};
		1BECF6732601425800F986C0 /* Post */ = {
			isa = PBXGroup;
			children = (
				1BECF6742601427C00F986C0 /* PostCell.swift */,
				1BECF6782601428800F986C0 /* PostHeader.swift */,
			);
			path = Post;
			sourceTree = "<group>";
		};
		1BECF67B2601431F00F986C0 /* Post */ = {
			isa = PBXGroup;
			children = (
				1BECF67C2601432F00F986C0 /* PostLayout.swift */,
				1BECF6802601433B00F986C0 /* PostLayoutAttributes.swift */,
			);
			path = Post;
			sourceTree = "<group>";
		};
		1BEEE07325F7F522008A7654 /* Cycle */ = {
			isa = PBXGroup;
			children = (
				1B5F5B8825D0896D004940A4 /* AppDelegate.swift */,
				1B5F5B8A25D0896D004940A4 /* SceneDelegate.swift */,
			);
			path = Cycle;
			sourceTree = "<group>";
		};
		1BEEE09825F82742008A7654 /* Post */ = {
			isa = PBXGroup;
			children = (
				1B5F5BB525D08C9C004940A4 /* PostCreatorController.swift */,
				1BEEE09525F82735008A7654 /* UploadPostController.swift */,
				1BECF67026013C0800F986C0 /* PostController.swift */,
			);
			path = Post;
			sourceTree = "<group>";
		};
		1BF204B525E554CE00A49867 /* Authentication  */ = {
			isa = PBXGroup;
			children = (
				1BF204BD25E5A83600A49867 /* WelcomeController.swift */,
				1BF204B625E554E000A49867 /* LoginController.swift */,
				1BF204BA25E554F000A49867 /* RegistrationController.swift */,
			);
			path = "Authentication ";
			sourceTree = "<group>";
		};
		1BF9523C25EDB5F30028F319 /* Feed */ = {
			isa = PBXGroup;
			children = (
				1BD8021F25DCB1C3009F6EA8 /* FeedCell.swift */,
			);
			path = Feed;
			sourceTree = "<group>";
		};
		1BF9523D25EDB6060028F319 /* Utils */ = {
			isa = PBXGroup;
			children = (
				1BF204C425E5FC2200A49867 /* CustomTextField.swift */,
			);
			path = Utils;
			sourceTree = "<group>";
		};
		2C86D2DB1A22839D0CC57477 /* Pods */ = {
			isa = PBXGroup;
			children = (
				08C99C85635BF7185ACC1535 /* Pods-Way2Earth MVP.debug.xcconfig */,
				81BF6B3F6D0EDFE098C0F2AE /* Pods-Way2Earth MVP.release.xcconfig */,
			);
			path = Pods;
			sourceTree = "<group>";
		};
		4A282D01C8CDDF69D08D7D55 /* Frameworks */ = {
			isa = PBXGroup;
			children = (
				D485DC39830BFE37C86F22D9 /* Pods_Way2Earth_MVP.framework */,
			);
			name = Frameworks;
			sourceTree = "<group>";
		};
/* End PBXGroup section */

/* Begin PBXNativeTarget section */
		1B5F5B8425D0896D004940A4 /* Way2Earth MVP */ = {
			isa = PBXNativeTarget;
			buildConfigurationList = 1B5F5B9925D0896D004940A4 /* Build configuration list for PBXNativeTarget "Way2Earth MVP" */;
			buildPhases = (
				7D5D6856D773517DE114D593 /* [CP] Check Pods Manifest.lock */,
				1B5F5B8125D0896D004940A4 /* Sources */,
				1B5F5B8225D0896D004940A4 /* Frameworks */,
				1B5F5B8325D0896D004940A4 /* Resources */,
				5692DE90523B73FD53AEB2C1 /* [CP] Embed Pods Frameworks */,
			);
			buildRules = (
			);
			dependencies = (
			);
			name = "Way2Earth MVP";
			productName = "Way2Earth MVP";
			productReference = 1B5F5B8525D0896D004940A4 /* Way2Earth MVP.app */;
			productType = "com.apple.product-type.application";
		};
/* End PBXNativeTarget section */

/* Begin PBXProject section */
		1B5F5B7D25D0896D004940A4 /* Project object */ = {
			isa = PBXProject;
			attributes = {
				LastSwiftUpdateCheck = 1240;
				LastUpgradeCheck = 1240;
				ORGANIZATIONNAME = "Alan Bahena";
				TargetAttributes = {
					1B5F5B8425D0896D004940A4 = {
						CreatedOnToolsVersion = 12.4;
					};
				};
			};
			buildConfigurationList = 1B5F5B8025D0896D004940A4 /* Build configuration list for PBXProject "Way2Earth MVP" */;
			compatibilityVersion = "Xcode 9.3";
			developmentRegion = en;
			hasScannedForEncodings = 0;
			knownRegions = (
				en,
				Base,
			);
			mainGroup = 1B5F5B7C25D0896D004940A4;
			productRefGroup = 1B5F5B8625D0896D004940A4 /* Products */;
			projectDirPath = "";
			projectRoot = "";
			targets = (
				1B5F5B8425D0896D004940A4 /* Way2Earth MVP */,
			);
		};
/* End PBXProject section */

/* Begin PBXResourcesBuildPhase section */
		1B5F5B8325D0896D004940A4 /* Resources */ = {
			isa = PBXResourcesBuildPhase;
			buildActionMask = 2147483647;
			files = (
				1B1EEE4E25E74437006694D9 /* GoogleService-Info.plist in Resources */,
				1BF204C225E5F9E900A49867 /* Roboto-Bold.ttf in Resources */,
				1BF204B325E5508B00A49867 /* Roboto-Regular.ttf in Resources */,
				1B952CC125DCEB0400F7AAC2 /* OpenSans-Regular.ttf in Resources */,
				1B5F5BAC25D08BFA004940A4 /* Main.storyboard in Resources */,
				1B5F5B9525D0896D004940A4 /* LaunchScreen.storyboard in Resources */,
				1B952CBE25DCEAF700F7AAC2 /* Merriweather-Bold.ttf in Resources */,
				1B5F5B9225D0896D004940A4 /* Assets.xcassets in Resources */,
			);
			runOnlyForDeploymentPostprocessing = 0;
		};
/* End PBXResourcesBuildPhase section */

/* Begin PBXShellScriptBuildPhase section */
		5692DE90523B73FD53AEB2C1 /* [CP] Embed Pods Frameworks */ = {
			isa = PBXShellScriptBuildPhase;
			buildActionMask = 2147483647;
			files = (
			);
			inputFileListPaths = (
				"${PODS_ROOT}/Target Support Files/Pods-Way2Earth MVP/Pods-Way2Earth MVP-frameworks-${CONFIGURATION}-input-files.xcfilelist",
			);
			name = "[CP] Embed Pods Frameworks";
			outputFileListPaths = (
				"${PODS_ROOT}/Target Support Files/Pods-Way2Earth MVP/Pods-Way2Earth MVP-frameworks-${CONFIGURATION}-output-files.xcfilelist",
			);
			runOnlyForDeploymentPostprocessing = 0;
			shellPath = /bin/sh;
			shellScript = "\"${PODS_ROOT}/Target Support Files/Pods-Way2Earth MVP/Pods-Way2Earth MVP-frameworks.sh\"\n";
			showEnvVarsInLog = 0;
		};
		7D5D6856D773517DE114D593 /* [CP] Check Pods Manifest.lock */ = {
			isa = PBXShellScriptBuildPhase;
			buildActionMask = 2147483647;
			files = (
			);
			inputFileListPaths = (
			);
			inputPaths = (
				"${PODS_PODFILE_DIR_PATH}/Podfile.lock",
				"${PODS_ROOT}/Manifest.lock",
			);
			name = "[CP] Check Pods Manifest.lock";
			outputFileListPaths = (
			);
			outputPaths = (
				"$(DERIVED_FILE_DIR)/Pods-Way2Earth MVP-checkManifestLockResult.txt",
			);
			runOnlyForDeploymentPostprocessing = 0;
			shellPath = /bin/sh;
			shellScript = "diff \"${PODS_PODFILE_DIR_PATH}/Podfile.lock\" \"${PODS_ROOT}/Manifest.lock\" > /dev/null\nif [ $? != 0 ] ; then\n    # print error to STDERR\n    echo \"error: The sandbox is not in sync with the Podfile.lock. Run 'pod install' or update your CocoaPods installation.\" >&2\n    exit 1\nfi\n# This output is used by Xcode 'outputs' to avoid re-running this script phase.\necho \"SUCCESS\" > \"${SCRIPT_OUTPUT_FILE_0}\"\n";
			showEnvVarsInLog = 0;
		};
/* End PBXShellScriptBuildPhase section */

/* Begin PBXSourcesBuildPhase section */
		1B5F5B8125D0896D004940A4 /* Sources */ = {
			isa = PBXSourcesBuildPhase;
			buildActionMask = 2147483647;
			files = (
				1B0B1FFF25FAB11D0041B9FD /* PostViewModel.swift in Sources */,
				1B5F5B8925D0896D004940A4 /* AppDelegate.swift in Sources */,
				1B56FD1E25F07C6100E8A9DE /* UserService.swift in Sources */,
				1B6CC36F25E9822A00B603CF /* ProfileLayout.swift in Sources */,
				1B197ADF25F98566001D124E /* PostService.swift in Sources */,
				1BD8021725DCB007009F6EA8 /* CustomLayoutAttributes.swift in Sources */,
				1B08B23E25F163E00099327C /* ProfileHeaderViewModel.swift in Sources */,
				1BF204BE25E5A83600A49867 /* WelcomeController.swift in Sources */,
				1B197ADC25F94E79001D124E /* InputTextView.swift in Sources */,
				1B4C80B225F6A1F900C50712 /* SearchResultsCell.swift in Sources */,
				1BEEE09625F82735008A7654 /* UploadPostController.swift in Sources */,
				1BD8021D25DCB077009F6EA8 /* LayoutItem.swift in Sources */,
				1B1EEE5225E745D9006694D9 /* ImageUploader.swift in Sources */,
				1BC9B91B260426F000DBD78D /* CommentCell.swift in Sources */,
				1B5F5BB325D08C87004940A4 /* SearchController.swift in Sources */,
				1B2A9B2C25E84DA400FF61F8 /* ProfileCell.swift in Sources */,
				1B7D647F2618F707005150CB /* NotificationCell.swift in Sources */,
				1B5F5BB625D08C9C004940A4 /* PostCreatorController.swift in Sources */,
				1B1EEE5525E745E3006694D9 /* AuthService.swift in Sources */,
				1BECF6752601427C00F986C0 /* PostCell.swift in Sources */,
				1B2A42A826052BC30058F39D /* CommentService.swift in Sources */,
				1B749AA325E6D793005C8498 /* AuthenticationViewModel.swift in Sources */,
				1B2A9B2F25E84DAE00FF61F8 /* ProfileHeader.swift in Sources */,
				1B5F5BA725D08A8D004940A4 /* MainTabController.swift in Sources */,
				1B22930225F2CDCE0047EC38 /* SearchCollectionViewCell.swift in Sources */,
				1BD8022025DCB1C3009F6EA8 /* FeedCell.swift in Sources */,
				1B4C80B625F6AF6600C50712 /* SearchResutlsCellViewModel.swift in Sources */,
				1B596AFC25F0143D002B855A /* profileLayoutAttributes.swift in Sources */,
				1BF204C525E5FC2200A49867 /* CustomTextField.swift in Sources */,
				1BC845122609261000226B81 /* CommentViewModel.swift in Sources */,
				1BC9B916260426BF00DBD78D /* CommentController.swift in Sources */,
				1BECF6792601428800F986C0 /* PostHeader.swift in Sources */,
				1BECF67126013C0800F986C0 /* PostController.swift in Sources */,
				1BECF6812601433B00F986C0 /* PostLayoutAttributes.swift in Sources */,
				1B79AEE125F34AF2000E6B57 /* CategorieModel.swift in Sources */,
				1BD801F925DC98AA009F6EA8 /* Extensions.swift in Sources */,
				1B2292FD25F2C6E80047EC38 /* SearchResultsViewController.swift in Sources */,
				1B5F5BB925D08CA8004940A4 /* NotificationsController.swift in Sources */,
				1BD8021425DCAFF1009F6EA8 /* CustomLayout.swift in Sources */,
				1B08B23B25F160160099327C /* User.swift in Sources */,
				1BC8450E2609210B00226B81 /* Comment.swift in Sources */,
				1B5F5B8B25D0896D004940A4 /* SceneDelegate.swift in Sources */,
				1B56FD2125F07CC400E8A9DE /* EditProfileController.swift in Sources */,
				1B5F5BB025D08C7D004940A4 /* FeedController.swift in Sources */,
				1B5F5BBC25D08CB2004940A4 /* ProfileController.swift in Sources */,
				1BF204BB25E554F000A49867 /* RegistrationController.swift in Sources */,
				1B0B1FFC25FAAD2D0041B9FD /* Post.swift in Sources */,
				1BECF67D2601432F00F986C0 /* PostLayout.swift in Sources */,
				1BC9B91F2604279B00DBD78D /* CommentInputAccesoryView.swift in Sources */,
				1BF204B725E554E000A49867 /* LoginController.swift in Sources */,
				1B08B23825F15DF30099327C /* Constants.swift in Sources */,
			);
			runOnlyForDeploymentPostprocessing = 0;
		};
/* End PBXSourcesBuildPhase section */

/* Begin PBXVariantGroup section */
		1B5F5B9325D0896D004940A4 /* LaunchScreen.storyboard */ = {
			isa = PBXVariantGroup;
			children = (
				1B5F5B9425D0896D004940A4 /* Base */,
			);
			name = LaunchScreen.storyboard;
			sourceTree = "<group>";
		};
/* End PBXVariantGroup section */

/* Begin XCBuildConfiguration section */
		1B5F5B9725D0896D004940A4 /* Debug */ = {
			isa = XCBuildConfiguration;
			buildSettings = {
				ALWAYS_SEARCH_USER_PATHS = NO;
				CLANG_ANALYZER_NONNULL = YES;
				CLANG_ANALYZER_NUMBER_OBJECT_CONVERSION = YES_AGGRESSIVE;
				CLANG_CXX_LANGUAGE_STANDARD = "gnu++14";
				CLANG_CXX_LIBRARY = "libc++";
				CLANG_ENABLE_MODULES = YES;
				CLANG_ENABLE_OBJC_ARC = YES;
				CLANG_ENABLE_OBJC_WEAK = YES;
				CLANG_WARN_BLOCK_CAPTURE_AUTORELEASING = YES;
				CLANG_WARN_BOOL_CONVERSION = YES;
				CLANG_WARN_COMMA = YES;
				CLANG_WARN_CONSTANT_CONVERSION = YES;
				CLANG_WARN_DEPRECATED_OBJC_IMPLEMENTATIONS = YES;
				CLANG_WARN_DIRECT_OBJC_ISA_USAGE = YES_ERROR;
				CLANG_WARN_DOCUMENTATION_COMMENTS = YES;
				CLANG_WARN_EMPTY_BODY = YES;
				CLANG_WARN_ENUM_CONVERSION = YES;
				CLANG_WARN_INFINITE_RECURSION = YES;
				CLANG_WARN_INT_CONVERSION = YES;
				CLANG_WARN_NON_LITERAL_NULL_CONVERSION = YES;
				CLANG_WARN_OBJC_IMPLICIT_RETAIN_SELF = YES;
				CLANG_WARN_OBJC_LITERAL_CONVERSION = YES;
				CLANG_WARN_OBJC_ROOT_CLASS = YES_ERROR;
				CLANG_WARN_QUOTED_INCLUDE_IN_FRAMEWORK_HEADER = YES;
				CLANG_WARN_RANGE_LOOP_ANALYSIS = YES;
				CLANG_WARN_STRICT_PROTOTYPES = YES;
				CLANG_WARN_SUSPICIOUS_MOVE = YES;
				CLANG_WARN_UNGUARDED_AVAILABILITY = YES_AGGRESSIVE;
				CLANG_WARN_UNREACHABLE_CODE = YES;
				CLANG_WARN__DUPLICATE_METHOD_MATCH = YES;
				COPY_PHASE_STRIP = NO;
				DEBUG_INFORMATION_FORMAT = dwarf;
				ENABLE_STRICT_OBJC_MSGSEND = YES;
				ENABLE_TESTABILITY = YES;
				GCC_C_LANGUAGE_STANDARD = gnu11;
				GCC_DYNAMIC_NO_PIC = NO;
				GCC_NO_COMMON_BLOCKS = YES;
				GCC_OPTIMIZATION_LEVEL = 0;
				GCC_PREPROCESSOR_DEFINITIONS = (
					"DEBUG=1",
					"$(inherited)",
				);
				GCC_WARN_64_TO_32_BIT_CONVERSION = YES;
				GCC_WARN_ABOUT_RETURN_TYPE = YES_ERROR;
				GCC_WARN_UNDECLARED_SELECTOR = YES;
				GCC_WARN_UNINITIALIZED_AUTOS = YES_AGGRESSIVE;
				GCC_WARN_UNUSED_FUNCTION = YES;
				GCC_WARN_UNUSED_VARIABLE = YES;
				IPHONEOS_DEPLOYMENT_TARGET = 14.4;
				MTL_ENABLE_DEBUG_INFO = INCLUDE_SOURCE;
				MTL_FAST_MATH = YES;
				ONLY_ACTIVE_ARCH = YES;
				SDKROOT = iphoneos;
				SWIFT_ACTIVE_COMPILATION_CONDITIONS = DEBUG;
				SWIFT_OPTIMIZATION_LEVEL = "-Onone";
			};
			name = Debug;
		};
		1B5F5B9825D0896D004940A4 /* Release */ = {
			isa = XCBuildConfiguration;
			buildSettings = {
				ALWAYS_SEARCH_USER_PATHS = NO;
				CLANG_ANALYZER_NONNULL = YES;
				CLANG_ANALYZER_NUMBER_OBJECT_CONVERSION = YES_AGGRESSIVE;
				CLANG_CXX_LANGUAGE_STANDARD = "gnu++14";
				CLANG_CXX_LIBRARY = "libc++";
				CLANG_ENABLE_MODULES = YES;
				CLANG_ENABLE_OBJC_ARC = YES;
				CLANG_ENABLE_OBJC_WEAK = YES;
				CLANG_WARN_BLOCK_CAPTURE_AUTORELEASING = YES;
				CLANG_WARN_BOOL_CONVERSION = YES;
				CLANG_WARN_COMMA = YES;
				CLANG_WARN_CONSTANT_CONVERSION = YES;
				CLANG_WARN_DEPRECATED_OBJC_IMPLEMENTATIONS = YES;
				CLANG_WARN_DIRECT_OBJC_ISA_USAGE = YES_ERROR;
				CLANG_WARN_DOCUMENTATION_COMMENTS = YES;
				CLANG_WARN_EMPTY_BODY = YES;
				CLANG_WARN_ENUM_CONVERSION = YES;
				CLANG_WARN_INFINITE_RECURSION = YES;
				CLANG_WARN_INT_CONVERSION = YES;
				CLANG_WARN_NON_LITERAL_NULL_CONVERSION = YES;
				CLANG_WARN_OBJC_IMPLICIT_RETAIN_SELF = YES;
				CLANG_WARN_OBJC_LITERAL_CONVERSION = YES;
				CLANG_WARN_OBJC_ROOT_CLASS = YES_ERROR;
				CLANG_WARN_QUOTED_INCLUDE_IN_FRAMEWORK_HEADER = YES;
				CLANG_WARN_RANGE_LOOP_ANALYSIS = YES;
				CLANG_WARN_STRICT_PROTOTYPES = YES;
				CLANG_WARN_SUSPICIOUS_MOVE = YES;
				CLANG_WARN_UNGUARDED_AVAILABILITY = YES_AGGRESSIVE;
				CLANG_WARN_UNREACHABLE_CODE = YES;
				CLANG_WARN__DUPLICATE_METHOD_MATCH = YES;
				COPY_PHASE_STRIP = NO;
				DEBUG_INFORMATION_FORMAT = "dwarf-with-dsym";
				ENABLE_NS_ASSERTIONS = NO;
				ENABLE_STRICT_OBJC_MSGSEND = YES;
				GCC_C_LANGUAGE_STANDARD = gnu11;
				GCC_NO_COMMON_BLOCKS = YES;
				GCC_WARN_64_TO_32_BIT_CONVERSION = YES;
				GCC_WARN_ABOUT_RETURN_TYPE = YES_ERROR;
				GCC_WARN_UNDECLARED_SELECTOR = YES;
				GCC_WARN_UNINITIALIZED_AUTOS = YES_AGGRESSIVE;
				GCC_WARN_UNUSED_FUNCTION = YES;
				GCC_WARN_UNUSED_VARIABLE = YES;
				IPHONEOS_DEPLOYMENT_TARGET = 14.4;
				MTL_ENABLE_DEBUG_INFO = NO;
				MTL_FAST_MATH = YES;
				SDKROOT = iphoneos;
				SWIFT_COMPILATION_MODE = wholemodule;
				SWIFT_OPTIMIZATION_LEVEL = "-O";
				VALIDATE_PRODUCT = YES;
			};
			name = Release;
		};
		1B5F5B9A25D0896D004940A4 /* Debug */ = {
			isa = XCBuildConfiguration;
			baseConfigurationReference = 08C99C85635BF7185ACC1535 /* Pods-Way2Earth MVP.debug.xcconfig */;
			buildSettings = {
				ASSETCATALOG_COMPILER_APPICON_NAME = AppIcon;
				ASSETCATALOG_COMPILER_GLOBAL_ACCENT_COLOR_NAME = AccentColor;
				CODE_SIGN_STYLE = Automatic;
				DEVELOPMENT_TEAM = QSYCFV9MXM;
				INFOPLIST_FILE = "Way2Earth MVP/Info.plist";
				IPHONEOS_DEPLOYMENT_TARGET = 14.3;
				LD_RUNPATH_SEARCH_PATHS = (
					"$(inherited)",
					"@executable_path/Frameworks",
				);
				PRODUCT_BUNDLE_IDENTIFIER = "com.alanbahena.Way2Earth-MVP";
				PRODUCT_NAME = "$(TARGET_NAME)";
				SWIFT_VERSION = 5.0;
				TARGETED_DEVICE_FAMILY = "1,2";
			};
			name = Debug;
		};
		1B5F5B9B25D0896D004940A4 /* Release */ = {
			isa = XCBuildConfiguration;
			baseConfigurationReference = 81BF6B3F6D0EDFE098C0F2AE /* Pods-Way2Earth MVP.release.xcconfig */;
			buildSettings = {
				ASSETCATALOG_COMPILER_APPICON_NAME = AppIcon;
				ASSETCATALOG_COMPILER_GLOBAL_ACCENT_COLOR_NAME = AccentColor;
				CODE_SIGN_STYLE = Automatic;
				DEVELOPMENT_TEAM = QSYCFV9MXM;
				INFOPLIST_FILE = "Way2Earth MVP/Info.plist";
				IPHONEOS_DEPLOYMENT_TARGET = 14.3;
				LD_RUNPATH_SEARCH_PATHS = (
					"$(inherited)",
					"@executable_path/Frameworks",
				);
				PRODUCT_BUNDLE_IDENTIFIER = "com.alanbahena.Way2Earth-MVP";
				PRODUCT_NAME = "$(TARGET_NAME)";
				SWIFT_VERSION = 5.0;
				TARGETED_DEVICE_FAMILY = "1,2";
			};
			name = Release;
		};
/* End XCBuildConfiguration section */

/* Begin XCConfigurationList section */
		1B5F5B8025D0896D004940A4 /* Build configuration list for PBXProject "Way2Earth MVP" */ = {
			isa = XCConfigurationList;
			buildConfigurations = (
				1B5F5B9725D0896D004940A4 /* Debug */,
				1B5F5B9825D0896D004940A4 /* Release */,
			);
			defaultConfigurationIsVisible = 0;
			defaultConfigurationName = Release;
		};
		1B5F5B9925D0896D004940A4 /* Build configuration list for PBXNativeTarget "Way2Earth MVP" */ = {
			isa = XCConfigurationList;
			buildConfigurations = (
				1B5F5B9A25D0896D004940A4 /* Debug */,
				1B5F5B9B25D0896D004940A4 /* Release */,
			);
			defaultConfigurationIsVisible = 0;
			defaultConfigurationName = Release;
		};
/* End XCConfigurationList section */
	};
	rootObject = 1B5F5B7D25D0896D004940A4 /* Project object */;
}
